{
  "name": "twilio-chat-app",
  "version": "1.0.0",
  "lockfileVersion": 2,
  "requires": true,
  "packages": {
    "": {
      "name": "twilio-chat-app",
      "version": "1.0.0",
      "license": "ISC",
      "dependencies": {
        "@twilio/conversations": "^1.2.3",
        "axios": "^0.21.4"
      }
    },
    "node_modules/@babel/runtime": {
      "version": "7.15.3",
      "resolved": "https://registry.npmjs.org/@babel/runtime/-/runtime-7.15.3.tgz",
      "integrity": "sha512-OvwMLqNXkCXSz1kSm58sEsNuhqOx/fKpnUnKnFB5v8uDda5bLNEHNgKPvhDN6IU0LDcnHQ90LlJ0Q6jnyBSIBA==",
      "dependencies": {
        "regenerator-runtime": "^0.13.4"
      },
      "engines": {
        "node": ">=6.9.0"
      }
    },
    "node_modules/@twilio/conversations": {
      "version": "1.2.3",
      "resolved": "https://registry.npmjs.org/@twilio/conversations/-/conversations-1.2.3.tgz",
      "integrity": "sha512-T73l/3kw3chFryo+t9qjwHJgLFj0R9AyYiFUN5xrN1brNNHCFWZq3ZaLYbVupgXoTTXivJ/sbQKG/rlE/VWNFA==",
      "dependencies": {
        "@babel/runtime": "^7.14.5",
        "core-js": "^3.14.0",
        "glob": "^7.1.7",
        "iso8601-duration": "=1.2.0",
        "loglevel": "^1.6.6",
        "operation-retrier": "^4.0.1",
        "platform": "^1.3.6",
        "rfc6902": "^3.0.2",
        "twilio-mcs-client": "^0.3.3",
        "twilio-notifications": "^0.5.11",
        "twilio-sdk-type-validator": "^0.1.3",
        "twilio-sync": "^1.0.0",
        "twilsock": "^0.6.1",
        "uuid": "^3.3.2"
      },
      "engines": {
        "node": ">=10"
      }
    },
    "node_modules/async-limiter": {
      "version": "1.0.1",
      "resolved": "https://registry.npmjs.org/async-limiter/-/async-limiter-1.0.1.tgz",
      "integrity": "sha512-csOlWGAcRFJaI6m+F2WKdnMKr4HhdhFVBk0H/QbJFMCr+uO2kwohwXQPxw/9OCxp05r5ghVBFSyioixx3gfkNQ=="
    },
    "node_modules/axios": {
      "version": "0.21.4",
      "resolved": "https://registry.npmjs.org/axios/-/axios-0.21.4.tgz",
      "integrity": "sha512-ut5vewkiu8jjGBdqpM44XxjuCjq9LAKeHVmoVfHVzy8eHgxxq8SbAVQNovDA8mVi05kP0Ea/n/UzcSHcTJQfNg==",
      "dependencies": {
        "follow-redirects": "^1.14.0"
      }
    },
    "node_modules/balanced-match": {
      "version": "1.0.2",
      "resolved": "https://registry.npmjs.org/balanced-match/-/balanced-match-1.0.2.tgz",
      "integrity": "sha512-3oSeUO0TMV67hN1AmbXsK4yaqU7tjiHlbxRDZOpH0KW9+CeX4bRAaX0Anxt0tx2MrpRpWwQaPwIlISEJhYU5Pw=="
    },
    "node_modules/brace-expansion": {
      "version": "1.1.11",
      "resolved": "https://registry.npmjs.org/brace-expansion/-/brace-expansion-1.1.11.tgz",
      "integrity": "sha512-iCuPHDFgrHX7H2vEI/5xpz07zSHB00TpugqhmYtVmMO6518mCuRMoOYFldEBl0g187ufozdaHgWKcYFb61qGiA==",
      "dependencies": {
        "balanced-match": "^1.0.0",
        "concat-map": "0.0.1"
      }
    },
    "node_modules/concat-map": {
      "version": "0.0.1",
      "resolved": "https://registry.npmjs.org/concat-map/-/concat-map-0.0.1.tgz",
      "integrity": "sha1-2Klr13/Wjfd5OnMDajug1UBdR3s="
    },
    "node_modules/core-js": {
      "version": "3.16.2",
      "resolved": "https://registry.npmjs.org/core-js/-/core-js-3.16.2.tgz",
      "integrity": "sha512-P0KPukO6OjMpjBtHSceAZEWlDD1M2Cpzpg6dBbrjFqFhBHe/BwhxaP820xKOjRn/lZRQirrCusIpLS/n2sgXLQ==",
      "hasInstallScript": true,
      "funding": {
        "type": "opencollective",
        "url": "https://opencollective.com/core-js"
      }
    },
    "node_modules/follow-redirects": {
      "version": "1.14.2",
      "resolved": "https://registry.npmjs.org/follow-redirects/-/follow-redirects-1.14.2.tgz",
      "integrity": "sha512-yLR6WaE2lbF0x4K2qE2p9PEXKLDjUjnR/xmjS3wHAYxtlsI9MLLBJUZirAHKzUZDGLxje7w/cXR49WOUo4rbsA==",
      "funding": [
        {
          "type": "individual",
          "url": "https://github.com/sponsors/RubenVerborgh"
        }
      ],
      "engines": {
        "node": ">=4.0"
      },
      "peerDependenciesMeta": {
        "debug": {
          "optional": true
        }
      }
    },
    "node_modules/fs.realpath": {
      "version": "1.0.0",
      "resolved": "https://registry.npmjs.org/fs.realpath/-/fs.realpath-1.0.0.tgz",
      "integrity": "sha1-FQStJSMVjKpA20onh8sBQRmU6k8="
    },
    "node_modules/glob": {
      "version": "7.1.7",
      "resolved": "https://registry.npmjs.org/glob/-/glob-7.1.7.tgz",
      "integrity": "sha512-OvD9ENzPLbegENnYP5UUfJIirTg4+XwMWGaQfQTY0JenxNvvIKP3U3/tAQSPIu/lHxXYSZmpXlUHeqAIdKzBLQ==",
      "dependencies": {
        "fs.realpath": "^1.0.0",
        "inflight": "^1.0.4",
        "inherits": "2",
        "minimatch": "^3.0.4",
        "once": "^1.3.0",
        "path-is-absolute": "^1.0.0"
      },
      "engines": {
        "node": "*"
      },
      "funding": {
        "url": "https://github.com/sponsors/isaacs"
      }
    },
    "node_modules/inflight": {
      "version": "1.0.6",
      "resolved": "https://registry.npmjs.org/inflight/-/inflight-1.0.6.tgz",
      "integrity": "sha1-Sb1jMdfQLQwJvJEKEHW6gWW1bfk=",
      "dependencies": {
        "once": "^1.3.0",
        "wrappy": "1"
      }
    },
    "node_modules/inherits": {
      "version": "2.0.4",
      "resolved": "https://registry.npmjs.org/inherits/-/inherits-2.0.4.tgz",
      "integrity": "sha512-k/vGaX4/Yla3WzyMCvTQOXYeIHvqOKtnqBduzTHpzpQZzAskKMhZ2K+EnBiSM9zGSoIFeMpXKxa4dYeZIQqewQ=="
    },
    "node_modules/iso8601-duration": {
      "version": "1.2.0",
      "resolved": "https://registry.npmjs.org/iso8601-duration/-/iso8601-duration-1.2.0.tgz",
      "integrity": "sha512-ErTBd++b17E8nmWII1K1uZtBgD1E8RjyvwmxlCjPHNqHMD7gmcMHOw0E8Ro/6+QT4PhHRSnnMo7bxa1vFPkwhg=="
    },
    "node_modules/javascript-state-machine": {
      "version": "3.1.0",
      "resolved": "https://registry.npmjs.org/javascript-state-machine/-/javascript-state-machine-3.1.0.tgz",
      "integrity": "sha512-BwhYxQ1OPenBPXC735RgfB+ZUG8H3kjsx8hrYTgWnoy6TPipEy4fiicyhT2lxRKAXq9pG7CfFT8a2HLr6Hmwxg=="
    },
    "node_modules/loglevel": {
      "version": "1.7.1",
      "resolved": "https://registry.npmjs.org/loglevel/-/loglevel-1.7.1.tgz",
      "integrity": "sha512-Hesni4s5UkWkwCGJMQGAh71PaLUmKFM60dHvq0zi/vDhhrzuk+4GgNbTXJ12YYQJn6ZKBDNIjYcuQGKudvqrIw==",
      "engines": {
        "node": ">= 0.6.0"
      },
      "funding": {
        "type": "tidelift",
        "url": "https://tidelift.com/funding/github/npm/loglevel"
      }
    },
    "node_modules/minimatch": {
      "version": "3.0.4",
      "resolved": "https://registry.npmjs.org/minimatch/-/minimatch-3.0.4.tgz",
      "integrity": "sha512-yJHVQEhyqPLUTgt9B83PXu6W3rx4MvvHvSUvToogpwoGDOUQ+yDrR0HRot+yOCdCO7u4hX3pWft6kWBBcqh0UA==",
      "dependencies": {
        "brace-expansion": "^1.1.7"
      },
      "engines": {
        "node": "*"
      }
    },
    "node_modules/once": {
      "version": "1.4.0",
      "resolved": "https://registry.npmjs.org/once/-/once-1.4.0.tgz",
      "integrity": "sha1-WDsap3WWHUsROsF9nFC6753Xa9E=",
      "dependencies": {
        "wrappy": "1"
      }
    },
    "node_modules/operation-retrier": {
      "version": "4.0.1",
      "resolved": "https://registry.npmjs.org/operation-retrier/-/operation-retrier-4.0.1.tgz",
      "integrity": "sha512-jvzz0u9Ov9jSB/JV7Bb2EagRz4iwrH/3g08uLS1FvIbtgpvGhr9E2hIlnVsGy5Xj1xpyxCNbLwGYO+A/dPT0yA==",
      "dependencies": {
        "@babel/runtime": "^7.14.5",
        "core-js": "^3.14.0"
      }
    },
    "node_modules/path-is-absolute": {
      "version": "1.0.1",
      "resolved": "https://registry.npmjs.org/path-is-absolute/-/path-is-absolute-1.0.1.tgz",
      "integrity": "sha1-F0uSaHNVNP+8es5r9TpanhtcX18=",
      "engines": {
        "node": ">=0.10.0"
      }
    },
    "node_modules/platform": {
      "version": "1.3.6",
      "resolved": "https://registry.npmjs.org/platform/-/platform-1.3.6.tgz",
      "integrity": "sha512-fnWVljUchTro6RiCFvCXBbNhJc2NijN7oIQxbwsyL0buWJPG85v81ehlHI9fXrJsMNgTofEoWIQeClKpgxFLrg=="
    },
    "node_modules/regenerator-runtime": {
      "version": "0.13.9",
      "resolved": "https://registry.npmjs.org/regenerator-runtime/-/regenerator-runtime-0.13.9.tgz",
      "integrity": "sha512-p3VT+cOEgxFsRRA9X4lkI1E+k2/CtnKtU4gcxyaCUreilL/vqI6CdZ3wxVUx3UOUg+gnUOQQcRI7BmSI656MYA=="
    },
    "node_modules/rfc6902": {
      "version": "3.1.1",
      "resolved": "https://registry.npmjs.org/rfc6902/-/rfc6902-3.1.1.tgz",
      "integrity": "sha512-aHiEm2S4mQSyyIaK7NVotfmVkgOOn1K9iuuSCIKJ8eIAte/8o06Vp06Z2NcLrmMahDmA+2F6oHx33P4NOQ1JnQ=="
    },
    "node_modules/twilio-mcs-client": {
      "version": "0.3.3",
      "resolved": "https://registry.npmjs.org/twilio-mcs-client/-/twilio-mcs-client-0.3.3.tgz",
      "integrity": "sha512-lNnVITgLg14HBG2oshnwjAeyBxhuqJeAIQE/KUDCGLHwtA6moE49SE1RRtUr5hhziyDSCTjm5X8YeP0m/lL7QA==",
      "dependencies": {
        "loglevel": "^1.6.4",
        "operation-retrier": "^3.0.1",
        "xmlhttprequest": "^1.8.0"
      },
      "engines": {
        "node": ">=6"
      }
    },
    "node_modules/twilio-mcs-client/node_modules/operation-retrier": {
      "version": "3.0.1",
      "resolved": "https://registry.npmjs.org/operation-retrier/-/operation-retrier-3.0.1.tgz",
      "integrity": "sha512-lmrISisi5nbu0WNXBCMagrdJFwLUYFnaas87PgOMM3aNi+Z2YFvyC5K7/cAJuNUtpljztwJPzvp8bho02sAMAg=="
    },
    "node_modules/twilio-notifications": {
      "version": "0.5.12",
      "resolved": "https://registry.npmjs.org/twilio-notifications/-/twilio-notifications-0.5.12.tgz",
      "integrity": "sha512-tuL1jTsi5pnEHDV7jzS1eg6roQvjfFkS/Mn1cV+jxPt7c2p18ymDorsHZ85LgVE/OIm8aK5QrsPaaFxrFi3rVQ==",
      "dependencies": {
        "loglevel": "^1.6.3",
        "operation-retrier": "^3.0.0",
        "twilsock": "^0.6.2",
        "uuid": "^3.2.1"
      },
      "engines": {
        "node": ">=8"
      }
    },
    "node_modules/twilio-notifications/node_modules/operation-retrier": {
      "version": "3.0.1",
      "resolved": "https://registry.npmjs.org/operation-retrier/-/operation-retrier-3.0.1.tgz",
      "integrity": "sha512-lmrISisi5nbu0WNXBCMagrdJFwLUYFnaas87PgOMM3aNi+Z2YFvyC5K7/cAJuNUtpljztwJPzvp8bho02sAMAg=="
    },
    "node_modules/twilio-sdk-type-validator": {
      "version": "0.1.3",
      "resolved": "https://registry.npmjs.org/twilio-sdk-type-validator/-/twilio-sdk-type-validator-0.1.3.tgz",
      "integrity": "sha512-7QcQH3MXP912oPC7MSSqiZnE9MjMKKxckqNAZIDWgsII4M1pJw5YDql0WWG2VNuPweyAQoZveAgnpEs3EbMOEw==",
      "dependencies": {
        "@babel/runtime": "^7.14.5",
        "core-js": "^3.14.0"
      }
    },
    "node_modules/twilio-sync": {
      "version": "1.0.0",
      "resolved": "https://registry.npmjs.org/twilio-sync/-/twilio-sync-1.0.0.tgz",
      "integrity": "sha512-dWvUjzm06e6q9ZJpU9RhtYJz8Zi4xcAeLHfvMdpqeSEFcz0fPhbrFUC1Q+oZsWCLGPZq6UIy8nTqfICx381hEw==",
      "dependencies": {
        "loglevel": "^1.6.3",
        "operation-retrier": "^3.0.0",
        "platform": "^1.3.6",
        "twilio-notifications": "^0.5.12",
        "twilsock": "^0.6.2",
        "uuid": "^3.3.2"
      },
      "engines": {
        "node": ">=8"
      }
    },
    "node_modules/twilio-sync/node_modules/operation-retrier": {
      "version": "3.0.1",
      "resolved": "https://registry.npmjs.org/operation-retrier/-/operation-retrier-3.0.1.tgz",
      "integrity": "sha512-lmrISisi5nbu0WNXBCMagrdJFwLUYFnaas87PgOMM3aNi+Z2YFvyC5K7/cAJuNUtpljztwJPzvp8bho02sAMAg=="
    },
    "node_modules/twilsock": {
      "version": "0.6.2",
      "resolved": "https://registry.npmjs.org/twilsock/-/twilsock-0.6.2.tgz",
      "integrity": "sha512-Wk60XZxwFR5ooLkSLO5CGtBBXLT7VRbyPcg49D9icUqeAgm9McVZPPDq0kxVW4R4c3k4cppd1EvuhtUEejezCw==",
      "dependencies": {
        "javascript-state-machine": "^3.0.1",
        "loglevel": "^1.6.3",
        "operation-retrier": "^3.0.0",
        "platform": "^1.3.6",
        "uuid": "^3.2.1",
        "ws": "^5.1.0"
      },
      "engines": {
        "node": ">=8"
      }
    },
    "node_modules/twilsock/node_modules/operation-retrier": {
      "version": "3.0.1",
      "resolved": "https://registry.npmjs.org/operation-retrier/-/operation-retrier-3.0.1.tgz",
      "integrity": "sha512-lmrISisi5nbu0WNXBCMagrdJFwLUYFnaas87PgOMM3aNi+Z2YFvyC5K7/cAJuNUtpljztwJPzvp8bho02sAMAg=="
    },
    "node_modules/uuid": {
      "version": "3.4.0",
      "resolved": "https://registry.npmjs.org/uuid/-/uuid-3.4.0.tgz",
      "integrity": "sha512-HjSDRw6gZE5JMggctHBcjVak08+KEVhSIiDzFnT9S9aegmp85S/bReBVTb4QTFaRNptJ9kuYaNhnbNEOkbKb/A==",
      "deprecated": "Please upgrade  to version 7 or higher.  Older versions may use Math.random() in certain circumstances, which is known to be problematic.  See https://v8.dev/blog/math-random for details.",
      "bin": {
        "uuid": "bin/uuid"
      }
    },
    "node_modules/wrappy": {
      "version": "1.0.2",
      "resolved": "https://registry.npmjs.org/wrappy/-/wrappy-1.0.2.tgz",
      "integrity": "sha1-tSQ9jz7BqjXxNkYFvA0QNuMKtp8="
    },
    "node_modules/ws": {
      "version": "5.2.3",
      "resolved": "https://registry.npmjs.org/ws/-/ws-5.2.3.tgz",
      "integrity": "sha512-jZArVERrMsKUatIdnLzqvcfydI85dvd/Fp1u/VOpfdDWQ4c9qWXe+VIeAbQ5FrDwciAkr+lzofXLz3Kuf26AOA==",
      "dependencies": {
        "async-limiter": "~1.0.0"
      }
    },
    "node_modules/xmlhttprequest": {
      "version": "1.8.0",
      "resolved": "https://registry.npmjs.org/xmlhttprequest/-/xmlhttprequest-1.8.0.tgz",
      "integrity": "sha1-Z/4HXFwk/vOfnWX197f+dRcZaPw=",
      "engines": {
        "node": ">=0.4.0"
      }
    }
  },
  "dependencies": {
    "@babel/runtime": {
      "version": "7.15.3",
      "resolved": "https://registry.npmjs.org/@babel/runtime/-/runtime-7.15.3.tgz",
      "integrity": "sha512-OvwMLqNXkCXSz1kSm58sEsNuhqOx/fKpnUnKnFB5v8uDda5bLNEHNgKPvhDN6IU0LDcnHQ90LlJ0Q6jnyBSIBA==",
      "requires": {
        "regenerator-runtime": "^0.13.4"
      }
    },
    "@twilio/conversations": {
      "version": "1.2.3",
      "resolved": "https://registry.npmjs.org/@twilio/conversations/-/conversations-1.2.3.tgz",
      "integrity": "sha512-T73l/3kw3chFryo+t9qjwHJgLFj0R9AyYiFUN5xrN1brNNHCFWZq3ZaLYbVupgXoTTXivJ/sbQKG/rlE/VWNFA==",
      "requires": {
        "@babel/runtime": "^7.14.5",
        "core-js": "^3.14.0",
        "glob": "^7.1.7",
        "iso8601-duration": "=1.2.0",
        "loglevel": "^1.6.6",
        "operation-retrier": "^4.0.1",
        "platform": "^1.3.6",
        "rfc6902": "^3.0.2",
        "twilio-mcs-client": "^0.3.3",
        "twilio-notifications": "^0.5.11",
        "twilio-sdk-type-validator": "^0.1.3",
        "twilio-sync": "^1.0.0",
        "twilsock": "^0.6.1",
        "uuid": "^3.3.2"
      }
    },
    "async-limiter": {
      "version": "1.0.1",
      "resolved": "https://registry.npmjs.org/async-limiter/-/async-limiter-1.0.1.tgz",
      "integrity": "sha512-csOlWGAcRFJaI6m+F2WKdnMKr4HhdhFVBk0H/QbJFMCr+uO2kwohwXQPxw/9OCxp05r5ghVBFSyioixx3gfkNQ=="
    },
    "axios": {
      "version": "0.21.4",
      "resolved": "https://registry.npmjs.org/axios/-/axios-0.21.4.tgz",
      "integrity": "sha512-ut5vewkiu8jjGBdqpM44XxjuCjq9LAKeHVmoVfHVzy8eHgxxq8SbAVQNovDA8mVi05kP0Ea/n/UzcSHcTJQfNg==",
      "requires": {
        "follow-redirects": "^1.14.0"
      }
    },
    "balanced-match": {
      "version": "1.0.2",
      "resolved": "https://registry.npmjs.org/balanced-match/-/balanced-match-1.0.2.tgz",
      "integrity": "sha512-3oSeUO0TMV67hN1AmbXsK4yaqU7tjiHlbxRDZOpH0KW9+CeX4bRAaX0Anxt0tx2MrpRpWwQaPwIlISEJhYU5Pw=="
    },
    "brace-expansion": {
      "version": "1.1.11",
      "resolved": "https://registry.npmjs.org/brace-expansion/-/brace-expansion-1.1.11.tgz",
      "integrity": "sha512-iCuPHDFgrHX7H2vEI/5xpz07zSHB00TpugqhmYtVmMO6518mCuRMoOYFldEBl0g187ufozdaHgWKcYFb61qGiA==",
      "requires": {
        "balanced-match": "^1.0.0",
        "concat-map": "0.0.1"
      }
    },
    "concat-map": {
      "version": "0.0.1",
      "resolved": "https://registry.npmjs.org/concat-map/-/concat-map-0.0.1.tgz",
      "integrity": "sha1-2Klr13/Wjfd5OnMDajug1UBdR3s="
    },
    "core-js": {
      "version": "3.16.2",
      "resolved": "https://registry.npmjs.org/core-js/-/core-js-3.16.2.tgz",
      "integrity": "sha512-P0KPukO6OjMpjBtHSceAZEWlDD1M2Cpzpg6dBbrjFqFhBHe/BwhxaP820xKOjRn/lZRQirrCusIpLS/n2sgXLQ=="
    },
    "follow-redirects": {
      "version": "1.14.2",
      "resolved": "https://registry.npmjs.org/follow-redirects/-/follow-redirects-1.14.2.tgz",
      "integrity": "sha512-yLR6WaE2lbF0x4K2qE2p9PEXKLDjUjnR/xmjS3wHAYxtlsI9MLLBJUZirAHKzUZDGLxje7w/cXR49WOUo4rbsA=="
    },
    "fs.realpath": {
      "version": "1.0.0",
      "resolved": "https://registry.npmjs.org/fs.realpath/-/fs.realpath-1.0.0.tgz",
      "integrity": "sha1-FQStJSMVjKpA20onh8sBQRmU6k8="
    },
    "glob": {
      "version": "7.1.7",
      "resolved": "https://registry.npmjs.org/glob/-/glob-7.1.7.tgz",
      "integrity": "sha512-OvD9ENzPLbegENnYP5UUfJIirTg4+XwMWGaQfQTY0JenxNvvIKP3U3/tAQSPIu/lHxXYSZmpXlUHeqAIdKzBLQ==",
      "requires": {
        "fs.realpath": "^1.0.0",
        "inflight": "^1.0.4",
        "inherits": "2",
        "minimatch": "^3.0.4",
        "once": "^1.3.0",
        "path-is-absolute": "^1.0.0"
      }
    },
    "inflight": {
      "version": "1.0.6",
      "resolved": "https://registry.npmjs.org/inflight/-/inflight-1.0.6.tgz",
      "integrity": "sha1-Sb1jMdfQLQwJvJEKEHW6gWW1bfk=",
      "requires": {
        "once": "^1.3.0",
        "wrappy": "1"
      }
    },
    "inherits": {
      "version": "2.0.4",
      "resolved": "https://registry.npmjs.org/inherits/-/inherits-2.0.4.tgz",
      "integrity": "sha512-k/vGaX4/Yla3WzyMCvTQOXYeIHvqOKtnqBduzTHpzpQZzAskKMhZ2K+EnBiSM9zGSoIFeMpXKxa4dYeZIQqewQ=="
    },
    "iso8601-duration": {
      "version": "1.2.0",
      "resolved": "https://registry.npmjs.org/iso8601-duration/-/iso8601-duration-1.2.0.tgz",
      "integrity": "sha512-ErTBd++b17E8nmWII1K1uZtBgD1E8RjyvwmxlCjPHNqHMD7gmcMHOw0E8Ro/6+QT4PhHRSnnMo7bxa1vFPkwhg=="
    },
    "javascript-state-machine": {
      "version": "3.1.0",
      "resolved": "https://registry.npmjs.org/javascript-state-machine/-/javascript-state-machine-3.1.0.tgz",
      "integrity": "sha512-BwhYxQ1OPenBPXC735RgfB+ZUG8H3kjsx8hrYTgWnoy6TPipEy4fiicyhT2lxRKAXq9pG7CfFT8a2HLr6Hmwxg=="
    },
    "loglevel": {
      "version": "1.7.1",
      "resolved": "https://registry.npmjs.org/loglevel/-/loglevel-1.7.1.tgz",
      "integrity": "sha512-Hesni4s5UkWkwCGJMQGAh71PaLUmKFM60dHvq0zi/vDhhrzuk+4GgNbTXJ12YYQJn6ZKBDNIjYcuQGKudvqrIw=="
    },
    "minimatch": {
      "version": "3.0.4",
      "resolved": "https://registry.npmjs.org/minimatch/-/minimatch-3.0.4.tgz",
      "integrity": "sha512-yJHVQEhyqPLUTgt9B83PXu6W3rx4MvvHvSUvToogpwoGDOUQ+yDrR0HRot+yOCdCO7u4hX3pWft6kWBBcqh0UA==",
      "requires": {
        "brace-expansion": "^1.1.7"
      }
    },
    "once": {
      "version": "1.4.0",
      "resolved": "https://registry.npmjs.org/once/-/once-1.4.0.tgz",
      "integrity": "sha1-WDsap3WWHUsROsF9nFC6753Xa9E=",
      "requires": {
        "wrappy": "1"
      }
    },
    "operation-retrier": {
      "version": "4.0.1",
      "resolved": "https://registry.npmjs.org/operation-retrier/-/operation-retrier-4.0.1.tgz",
      "integrity": "sha512-jvzz0u9Ov9jSB/JV7Bb2EagRz4iwrH/3g08uLS1FvIbtgpvGhr9E2hIlnVsGy5Xj1xpyxCNbLwGYO+A/dPT0yA==",
      "requires": {
        "@babel/runtime": "^7.14.5",
        "core-js": "^3.14.0"
      }
    },
    "path-is-absolute": {
      "version": "1.0.1",
      "resolved": "https://registry.npmjs.org/path-is-absolute/-/path-is-absolute-1.0.1.tgz",
      "integrity": "sha1-F0uSaHNVNP+8es5r9TpanhtcX18="
    },
    "platform": {
      "version": "1.3.6",
      "resolved": "https://registry.npmjs.org/platform/-/platform-1.3.6.tgz",
      "integrity": "sha512-fnWVljUchTro6RiCFvCXBbNhJc2NijN7oIQxbwsyL0buWJPG85v81ehlHI9fXrJsMNgTofEoWIQeClKpgxFLrg=="
    },
    "regenerator-runtime": {
      "version": "0.13.9",
      "resolved": "https://registry.npmjs.org/regenerator-runtime/-/regenerator-runtime-0.13.9.tgz",
      "integrity": "sha512-p3VT+cOEgxFsRRA9X4lkI1E+k2/CtnKtU4gcxyaCUreilL/vqI6CdZ3wxVUx3UOUg+gnUOQQcRI7BmSI656MYA=="
    },
    "rfc6902": {
      "version": "3.1.1",
      "resolved": "https://registry.npmjs.org/rfc6902/-/rfc6902-3.1.1.tgz",
      "integrity": "sha512-aHiEm2S4mQSyyIaK7NVotfmVkgOOn1K9iuuSCIKJ8eIAte/8o06Vp06Z2NcLrmMahDmA+2F6oHx33P4NOQ1JnQ=="
    },
    "twilio-mcs-client": {
      "version": "0.3.3",
      "resolved": "https://registry.npmjs.org/twilio-mcs-client/-/twilio-mcs-client-0.3.3.tgz",
      "integrity": "sha512-lNnVITgLg14HBG2oshnwjAeyBxhuqJeAIQE/KUDCGLHwtA6moE49SE1RRtUr5hhziyDSCTjm5X8YeP0m/lL7QA==",
      "requires": {
        "loglevel": "^1.6.4",
        "operation-retrier": "^3.0.1",
        "xmlhttprequest": "^1.8.0"
      },
      "dependencies": {
        "operation-retrier": {
          "version": "3.0.1",
          "resolved": "https://registry.npmjs.org/operation-retrier/-/operation-retrier-3.0.1.tgz",
          "integrity": "sha512-lmrISisi5nbu0WNXBCMagrdJFwLUYFnaas87PgOMM3aNi+Z2YFvyC5K7/cAJuNUtpljztwJPzvp8bho02sAMAg=="
        }
      }
    },
    "twilio-notifications": {
      "version": "0.5.12",
      "resolved": "https://registry.npmjs.org/twilio-notifications/-/twilio-notifications-0.5.12.tgz",
      "integrity": "sha512-tuL1jTsi5pnEHDV7jzS1eg6roQvjfFkS/Mn1cV+jxPt7c2p18ymDorsHZ85LgVE/OIm8aK5QrsPaaFxrFi3rVQ==",
      "requires": {
        "loglevel": "^1.6.3",
        "operation-retrier": "^3.0.0",
        "twilsock": "^0.6.2",
        "uuid": "^3.2.1"
      },
      "dependencies": {
        "operation-retrier": {
          "version": "3.0.1",
          "resolved": "https://registry.npmjs.org/operation-retrier/-/operation-retrier-3.0.1.tgz",
          "integrity": "sha512-lmrISisi5nbu0WNXBCMagrdJFwLUYFnaas87PgOMM3aNi+Z2YFvyC5K7/cAJuNUtpljztwJPzvp8bho02sAMAg=="
        }
      }
    },
    "twilio-sdk-type-validator": {
      "version": "0.1.3",
      "resolved": "https://registry.npmjs.org/twilio-sdk-type-validator/-/twilio-sdk-type-validator-0.1.3.tgz",
      "integrity": "sha512-7QcQH3MXP912oPC7MSSqiZnE9MjMKKxckqNAZIDWgsII4M1pJw5YDql0WWG2VNuPweyAQoZveAgnpEs3EbMOEw==",
      "requires": {
        "@babel/runtime": "^7.14.5",
        "core-js": "^3.14.0"
      }
    },
    "twilio-sync": {
      "version": "1.0.0",
      "resolved": "https://registry.npmjs.org/twilio-sync/-/twilio-sync-1.0.0.tgz",
      "integrity": "sha512-dWvUjzm06e6q9ZJpU9RhtYJz8Zi4xcAeLHfvMdpqeSEFcz0fPhbrFUC1Q+oZsWCLGPZq6UIy8nTqfICx381hEw==",
      "requires": {
        "loglevel": "^1.6.3",
        "operation-retrier": "^3.0.0",
        "platform": "^1.3.6",
        "twilio-notifications": "^0.5.12",
        "twilsock": "^0.6.2",
        "uuid": "^3.3.2"
      },
      "dependencies": {
        "operation-retrier": {
          "version": "3.0.1",
          "resolved": "https://registry.npmjs.org/operation-retrier/-/operation-retrier-3.0.1.tgz",
          "integrity": "sha512-lmrISisi5nbu0WNXBCMagrdJFwLUYFnaas87PgOMM3aNi+Z2YFvyC5K7/cAJuNUtpljztwJPzvp8bho02sAMAg=="
        }
      }
    },
    "twilsock": {
      "version": "0.6.2",
      "resolved": "https://registry.npmjs.org/twilsock/-/twilsock-0.6.2.tgz",
      "integrity": "sha512-Wk60XZxwFR5ooLkSLO5CGtBBXLT7VRbyPcg49D9icUqeAgm9McVZPPDq0kxVW4R4c3k4cppd1EvuhtUEejezCw==",
      "requires": {
        "javascript-state-machine": "^3.0.1",
        "loglevel": "^1.6.3",
        "operation-retrier": "^3.0.0",
        "platform": "^1.3.6",
        "uuid": "^3.2.1",
        "ws": "^5.1.0"
      },
      "dependencies": {
        "operation-retrier": {
          "version": "3.0.1",
          "resolved": "https://registry.npmjs.org/operation-retrier/-/operation-retrier-3.0.1.tgz",
          "integrity": "sha512-lmrISisi5nbu0WNXBCMagrdJFwLUYFnaas87PgOMM3aNi+Z2YFvyC5K7/cAJuNUtpljztwJPzvp8bho02sAMAg=="
        }
      }
    },
    "uuid": {
      "version": "3.4.0",
      "resolved": "https://registry.npmjs.org/uuid/-/uuid-3.4.0.tgz",
      "integrity": "sha512-HjSDRw6gZE5JMggctHBcjVak08+KEVhSIiDzFnT9S9aegmp85S/bReBVTb4QTFaRNptJ9kuYaNhnbNEOkbKb/A=="
    },
    "wrappy": {
      "version": "1.0.2",
      "resolved": "https://registry.npmjs.org/wrappy/-/wrappy-1.0.2.tgz",
      "integrity": "sha1-tSQ9jz7BqjXxNkYFvA0QNuMKtp8="
    },
    "ws": {
      "version": "5.2.3",
      "resolved": "https://registry.npmjs.org/ws/-/ws-5.2.3.tgz",
      "integrity": "sha512-jZArVERrMsKUatIdnLzqvcfydI85dvd/Fp1u/VOpfdDWQ4c9qWXe+VIeAbQ5FrDwciAkr+lzofXLz3Kuf26AOA==",
      "requires": {
        "async-limiter": "~1.0.0"
      }
    },
    "xmlhttprequest": {
      "version": "1.8.0",
      "resolved": "https://registry.npmjs.org/xmlhttprequest/-/xmlhttprequest-1.8.0.tgz",
      "integrity": "sha1-Z/4HXFwk/vOfnWX197f+dRcZaPw="
    }
  }
}
